
Microsoft Visual Studio Solution File, Format Version 12.00
# Visual Studio 15
VisualStudioVersion = 15.0.26124.0
MinimumVisualStudioVersion = 15.0.26124.0
Project("{FAE04EC0-301F-11D3-BF4B-00C04F79EFBC}") = "Surf.Core", "Surf.Core\Surf.Core.csproj", "{3DB83C61-C2A7-4BC7-977C-C3CE941707D1}"
EndProject
Project("{FAE04EC0-301F-11D3-BF4B-00C04F79EFBC}") = "Surf.Kestrel", "Surf.Kestrel\Surf.Kestrel.csproj", "{1B463EE5-580F-4EE1-9A91-6734EE251B66}"
EndProject
Project("{FAE04EC0-301F-11D3-BF4B-00C04F79EFBC}") = "Surf.Core.Bench", "Surf.Core.Bench\Surf.Core.Bench.csproj", "{A8F0C285-1241-41BD-8F0F-C67F95A49F61}"
EndProject
Project("{FAE04EC0-301F-11D3-BF4B-00C04F79EFBC}") = "Surf.Core.Test", "Surf.Core.Test\Surf.Core.Test.csproj", "{D5EA865A-B48B-4540-AF6E-E72290D14189}"
EndProject
Project("{FAE04EC0-301F-11D3-BF4B-00C04F79EFBC}") = "Surf.TestConsole", "Surf.TestConsole\Surf.TestConsole.csproj", "{D72A74AE-AB5E-492E-BE43-8C8800C5D166}"
EndProject
Project("{FAE04EC0-301F-11D3-BF4B-00C04F79EFBC}") = "Surf.Sim", "Surf.Sim\Surf.Sim.csproj", "{7CF67837-71DF-4C5E-9AB5-10A5E11D6BB4}"
EndProject
Global
	GlobalSection(SolutionConfigurationPlatforms) = preSolution
		Debug|Any CPU = Debug|Any CPU
		Debug|x64 = Debug|x64
		Debug|x86 = Debug|x86
		Release|Any CPU = Release|Any CPU
		Release|x64 = Release|x64
		Release|x86 = Release|x86
	EndGlobalSection
	GlobalSection(SolutionProperties) = preSolution
		HideSolutionNode = FALSE
	EndGlobalSection
	GlobalSection(ProjectConfigurationPlatforms) = postSolution
		{3DB83C61-C2A7-4BC7-977C-C3CE941707D1}.Debug|Any CPU.ActiveCfg = Debug|Any CPU
		{3DB83C61-C2A7-4BC7-977C-C3CE941707D1}.Debug|Any CPU.Build.0 = Debug|Any CPU
		{3DB83C61-C2A7-4BC7-977C-C3CE941707D1}.Debug|x64.ActiveCfg = Debug|Any CPU
		{3DB83C61-C2A7-4BC7-977C-C3CE941707D1}.Debug|x64.Build.0 = Debug|Any CPU
		{3DB83C61-C2A7-4BC7-977C-C3CE941707D1}.Debug|x86.ActiveCfg = Debug|Any CPU
		{3DB83C61-C2A7-4BC7-977C-C3CE941707D1}.Debug|x86.Build.0 = Debug|Any CPU
		{3DB83C61-C2A7-4BC7-977C-C3CE941707D1}.Release|Any CPU.ActiveCfg = Release|Any CPU
		{3DB83C61-C2A7-4BC7-977C-C3CE941707D1}.Release|Any CPU.Build.0 = Release|Any CPU
		{3DB83C61-C2A7-4BC7-977C-C3CE941707D1}.Release|x64.ActiveCfg = Release|Any CPU
		{3DB83C61-C2A7-4BC7-977C-C3CE941707D1}.Release|x64.Build.0 = Release|Any CPU
		{3DB83C61-C2A7-4BC7-977C-C3CE941707D1}.Release|x86.ActiveCfg = Release|Any CPU
		{3DB83C61-C2A7-4BC7-977C-C3CE941707D1}.Release|x86.Build.0 = Release|Any CPU
		{1B463EE5-580F-4EE1-9A91-6734EE251B66}.Debug|Any CPU.ActiveCfg = Debug|Any CPU
		{1B463EE5-580F-4EE1-9A91-6734EE251B66}.Debug|Any CPU.Build.0 = Debug|Any CPU
		{1B463EE5-580F-4EE1-9A91-6734EE251B66}.Debug|x64.ActiveCfg = Debug|Any CPU
		{1B463EE5-580F-4EE1-9A91-6734EE251B66}.Debug|x64.Build.0 = Debug|Any CPU
		{1B463EE5-580F-4EE1-9A91-6734EE251B66}.Debug|x86.ActiveCfg = Debug|Any CPU
		{1B463EE5-580F-4EE1-9A91-6734EE251B66}.Debug|x86.Build.0 = Debug|Any CPU
		{1B463EE5-580F-4EE1-9A91-6734EE251B66}.Release|Any CPU.ActiveCfg = Release|Any CPU
		{1B463EE5-580F-4EE1-9A91-6734EE251B66}.Release|Any CPU.Build.0 = Release|Any CPU
		{1B463EE5-580F-4EE1-9A91-6734EE251B66}.Release|x64.ActiveCfg = Release|Any CPU
		{1B463EE5-580F-4EE1-9A91-6734EE251B66}.Release|x64.Build.0 = Release|Any CPU
		{1B463EE5-580F-4EE1-9A91-6734EE251B66}.Release|x86.ActiveCfg = Release|Any CPU
		{1B463EE5-580F-4EE1-9A91-6734EE251B66}.Release|x86.Build.0 = Release|Any CPU
		{A8F0C285-1241-41BD-8F0F-C67F95A49F61}.Debug|Any CPU.ActiveCfg = Debug|Any CPU
		{A8F0C285-1241-41BD-8F0F-C67F95A49F61}.Debug|Any CPU.Build.0 = Debug|Any CPU
		{A8F0C285-1241-41BD-8F0F-C67F95A49F61}.Debug|x64.ActiveCfg = Debug|Any CPU
		{A8F0C285-1241-41BD-8F0F-C67F95A49F61}.Debug|x64.Build.0 = Debug|Any CPU
		{A8F0C285-1241-41BD-8F0F-C67F95A49F61}.Debug|x86.ActiveCfg = Debug|Any CPU
		{A8F0C285-1241-41BD-8F0F-C67F95A49F61}.Debug|x86.Build.0 = Debug|Any CPU
		{A8F0C285-1241-41BD-8F0F-C67F95A49F61}.Release|Any CPU.ActiveCfg = Release|Any CPU
		{A8F0C285-1241-41BD-8F0F-C67F95A49F61}.Release|Any CPU.Build.0 = Release|Any CPU
		{A8F0C285-1241-41BD-8F0F-C67F95A49F61}.Release|x64.ActiveCfg = Release|Any CPU
		{A8F0C285-1241-41BD-8F0F-C67F95A49F61}.Release|x64.Build.0 = Release|Any CPU
		{A8F0C285-1241-41BD-8F0F-C67F95A49F61}.Release|x86.ActiveCfg = Release|Any CPU
		{A8F0C285-1241-41BD-8F0F-C67F95A49F61}.Release|x86.Build.0 = Release|Any CPU
		{D5EA865A-B48B-4540-AF6E-E72290D14189}.Debug|Any CPU.ActiveCfg = Debug|Any CPU
		{D5EA865A-B48B-4540-AF6E-E72290D14189}.Debug|Any CPU.Build.0 = Debug|Any CPU
		{D5EA865A-B48B-4540-AF6E-E72290D14189}.Debug|x64.ActiveCfg = Debug|Any CPU
		{D5EA865A-B48B-4540-AF6E-E72290D14189}.Debug|x64.Build.0 = Debug|Any CPU
		{D5EA865A-B48B-4540-AF6E-E72290D14189}.Debug|x86.ActiveCfg = Debug|Any CPU
		{D5EA865A-B48B-4540-AF6E-E72290D14189}.Debug|x86.Build.0 = Debug|Any CPU
		{D5EA865A-B48B-4540-AF6E-E72290D14189}.Release|Any CPU.ActiveCfg = Release|Any CPU
		{D5EA865A-B48B-4540-AF6E-E72290D14189}.Release|Any CPU.Build.0 = Release|Any CPU
		{D5EA865A-B48B-4540-AF6E-E72290D14189}.Release|x64.ActiveCfg = Release|Any CPU
		{D5EA865A-B48B-4540-AF6E-E72290D14189}.Release|x64.Build.0 = Release|Any CPU
		{D5EA865A-B48B-4540-AF6E-E72290D14189}.Release|x86.ActiveCfg = Release|Any CPU
		{D5EA865A-B48B-4540-AF6E-E72290D14189}.Release|x86.Build.0 = Release|Any CPU
		{D72A74AE-AB5E-492E-BE43-8C8800C5D166}.Debug|Any CPU.ActiveCfg = Debug|Any CPU
		{D72A74AE-AB5E-492E-BE43-8C8800C5D166}.Debug|Any CPU.Build.0 = Debug|Any CPU
		{D72A74AE-AB5E-492E-BE43-8C8800C5D166}.Debug|x64.ActiveCfg = Debug|Any CPU
		{D72A74AE-AB5E-492E-BE43-8C8800C5D166}.Debug|x64.Build.0 = Debug|Any CPU
		{D72A74AE-AB5E-492E-BE43-8C8800C5D166}.Debug|x86.ActiveCfg = Debug|Any CPU
		{D72A74AE-AB5E-492E-BE43-8C8800C5D166}.Debug|x86.Build.0 = Debug|Any CPU
		{D72A74AE-AB5E-492E-BE43-8C8800C5D166}.Release|Any CPU.ActiveCfg = Release|Any CPU
		{D72A74AE-AB5E-492E-BE43-8C8800C5D166}.Release|Any CPU.Build.0 = Release|Any CPU
		{D72A74AE-AB5E-492E-BE43-8C8800C5D166}.Release|x64.ActiveCfg = Release|Any CPU
		{D72A74AE-AB5E-492E-BE43-8C8800C5D166}.Release|x64.Build.0 = Release|Any CPU
		{D72A74AE-AB5E-492E-BE43-8C8800C5D166}.Release|x86.ActiveCfg = Release|Any CPU
		{D72A74AE-AB5E-492E-BE43-8C8800C5D166}.Release|x86.Build.0 = Release|Any CPU
		{7CF67837-71DF-4C5E-9AB5-10A5E11D6BB4}.Debug|Any CPU.ActiveCfg = Debug|Any CPU
		{7CF67837-71DF-4C5E-9AB5-10A5E11D6BB4}.Debug|Any CPU.Build.0 = Debug|Any CPU
		{7CF67837-71DF-4C5E-9AB5-10A5E11D6BB4}.Debug|x64.ActiveCfg = Debug|Any CPU
		{7CF67837-71DF-4C5E-9AB5-10A5E11D6BB4}.Debug|x64.Build.0 = Debug|Any CPU
		{7CF67837-71DF-4C5E-9AB5-10A5E11D6BB4}.Debug|x86.ActiveCfg = Debug|Any CPU
		{7CF67837-71DF-4C5E-9AB5-10A5E11D6BB4}.Debug|x86.Build.0 = Debug|Any CPU
		{7CF67837-71DF-4C5E-9AB5-10A5E11D6BB4}.Release|Any CPU.ActiveCfg = Release|Any CPU
		{7CF67837-71DF-4C5E-9AB5-10A5E11D6BB4}.Release|Any CPU.Build.0 = Release|Any CPU
		{7CF67837-71DF-4C5E-9AB5-10A5E11D6BB4}.Release|x64.ActiveCfg = Release|Any CPU
		{7CF67837-71DF-4C5E-9AB5-10A5E11D6BB4}.Release|x64.Build.0 = Release|Any CPU
		{7CF67837-71DF-4C5E-9AB5-10A5E11D6BB4}.Release|x86.ActiveCfg = Release|Any CPU
		{7CF67837-71DF-4C5E-9AB5-10A5E11D6BB4}.Release|x86.Build.0 = Release|Any CPU
	EndGlobalSection
EndGlobal
